{
  "lockfile_version": "1",
  "packages": {
    "github:NixOS/nixpkgs/nixpkgs-unstable": {
      "last_modified": "2025-05-22T23:55:03Z",
      "resolved": "github:NixOS/nixpkgs/fe51d34885f7b5e3e7b59572796e1bcb427eccb1?lastModified=1747958103&narHash=sha256-qmmFCrfBwSHoWw7cVK4Aj%2Bfns%2Bc54EBP8cGqp%2FyK410%3D"
    },
    "terraform@latest": {
      "last_modified": "2025-05-16T20:19:48Z",
      "resolved": "github:NixOS/nixpkgs/12a55407652e04dcf2309436eb06fef0d3713ef3#terraform",
      "source": "devbox-search",
      "version": "1.12.0",
      "systems": {
        "aarch64-darwin": {
          "outputs": [
            {
              "name": "out",
              "path": "/nix/store/9jzzxgqr0f50668r8jhn4lii8y2vkv8j-terraform-1.12.0",
              "default": true
            }
          ],
          "store_path": "/nix/store/9jzzxgqr0f50668r8jhn4lii8y2vkv8j-terraform-1.12.0"
        },
        "aarch64-linux": {
          "outputs": [
            {
              "name": "out",
              "path": "/nix/store/sgbgv1rdc5ij477ppfn4d9fh3xzmhgvk-terraform-1.12.0",
              "default": true
            }
          ],
          "store_path": "/nix/store/sgbgv1rdc5ij477ppfn4d9fh3xzmhgvk-terraform-1.12.0"
        },
        "x86_64-darwin": {
          "outputs": [
            {
              "name": "out",
              "path": "/nix/store/4zrvxxi77g4x481xynn4jf03r0p46kg4-terraform-1.12.0",
              "default": true
            }
          ],
          "store_path": "/nix/store/4zrvxxi77g4x481xynn4jf03r0p46kg4-terraform-1.12.0"
        },
        "x86_64-linux": {
          "outputs": [
            {
              "name": "out",
              "path": "/nix/store/ss0mwj01m47ldg39wwq3bw0mmxzndlx4-terraform-1.12.0",
              "default": true
            }
          ],
          "store_path": "/nix/store/ss0mwj01m47ldg39wwq3bw0mmxzndlx4-terraform-1.12.0"
        }
      }
    }
  }
}
